{
  "version": 4,
  "terraform_version": "1.7.3",
  "serial": 7,
  "lineage": "16df10de-c4e7-c42a-9aff-3cc0e79942f8",
  "outputs": {},
  "resources": [
    {
      "mode": "managed",
      "type": "digitalocean_droplet",
      "name": "example_droplet",
      "provider": "provider[\"registry.opentofu.org/digitalocean/digitalocean\"]",
      "instances": [
        {
          "schema_version": 1,
          "attributes": {
            "backups": false,
            "created_at": "2024-07-16T11:06:20Z",
            "disk": 25,
            "droplet_agent": null,
            "graceful_shutdown": false,
            "id": "433003236",
            "image": "ubuntu-24-04-x64",
            "ipv4_address": "159.65.149.187",
            "ipv4_address_private": "10.10.10.2",
            "ipv6": false,
            "ipv6_address": "",
            "locked": false,
            "memory": 1024,
            "monitoring": false,
            "name": "pilot-test-tofu-droplet-1",
            "price_hourly": 0.00893,
            "price_monthly": 6,
            "private_networking": true,
            "region": "blr1",
            "resize_disk": true,
            "size": "s-1vcpu-1gb",
            "ssh_keys": [
              "39020628"
            ],
            "status": "active",
            "tags": null,
            "timeouts": null,
            "urn": "do:droplet:433003236",
            "user_data": null,
            "vcpus": 1,
            "volume_ids": [],
            "vpc_uuid": "a2efcafc-c36e-4dc6-b0a0-05168c64e035"
          },
          "sensitive_attributes": [],
          "private": "eyJlMmJmYjczMC1lY2FhLTExZTYtOGY4OC0zNDM2M2JjN2M0YzAiOnsiY3JlYXRlIjozNjAwMDAwMDAwMDAwLCJkZWxldGUiOjYwMDAwMDAwMDAwLCJ1cGRhdGUiOjM2MDAwMDAwMDAwMDB9LCJzY2hlbWFfdmVyc2lvbiI6IjEifQ==",
          "dependencies": [
            "digitalocean_vpc.example_vpc"
          ]
        }
      ]
    },
    {
      "mode": "managed",
      "type": "digitalocean_project",
      "name": "example_project",
      "provider": "provider[\"registry.opentofu.org/digitalocean/digitalocean\"]",
      "instances": [
        {
          "schema_version": 0,
          "attributes": {
            "created_at": "2024-07-16T11:06:53Z",
            "description": "Project for playing around with Tofu",
            "environment": "Development",
            "id": "883b0f81-94e0-4d25-a414-8c4ba59dc2ad",
            "is_default": false,
            "name": "Pilot Tofu Playground",
            "owner_id": 127652,
            "owner_uuid": "abbd47f101f301c9f7ab4e63c06b1b359158527f",
            "purpose": "Web Application",
            "resources": [
              "do:droplet:433003236"
            ],
            "timeouts": null,
            "updated_at": "2024-07-16T11:06:53Z"
          },
          "sensitive_attributes": [],
          "private": "eyJlMmJmYjczMC1lY2FhLTExZTYtOGY4OC0zNDM2M2JjN2M0YzAiOnsiZGVsZXRlIjoxODAwMDAwMDAwMDB9fQ==",
          "dependencies": [
            "digitalocean_droplet.example_droplet",
            "digitalocean_vpc.example_vpc"
          ]
        }
      ]
    },
    {
      "mode": "managed",
      "type": "digitalocean_volume",
      "name": "example_volume",
      "provider": "provider[\"registry.opentofu.org/digitalocean/digitalocean\"]",
      "instances": [
        {
          "schema_version": 0,
          "attributes": {
            "description": "an example volume",
            "droplet_ids": [],
            "filesystem_label": null,
            "filesystem_type": "ext4",
            "id": "6ca3afb6-4363-11ef-8e54-0a58ac14b334",
            "initial_filesystem_label": null,
            "initial_filesystem_type": "ext4",
            "name": "pilot-test-tofu-volume-1",
            "region": "blr1",
            "size": 10,
            "snapshot_id": null,
            "tags": null,
            "urn": "do:volume:6ca3afb6-4363-11ef-8e54-0a58ac14b334"
          },
          "sensitive_attributes": [],
          "private": "bnVsbA=="
        }
      ]
    },
    {
      "mode": "managed",
      "type": "digitalocean_volume_attachment",
      "name": "example_volume_attachment",
      "provider": "provider[\"registry.opentofu.org/digitalocean/digitalocean\"]",
      "instances": [
        {
          "schema_version": 0,
          "attributes": {
            "droplet_id": 433003236,
            "id": "433003236-6ca3afb6-4363-11ef-8e54-0a58ac14b334-20240716110706136600000001",
            "volume_id": "6ca3afb6-4363-11ef-8e54-0a58ac14b334"
          },
          "sensitive_attributes": [],
          "private": "bnVsbA==",
          "dependencies": [
            "digitalocean_droplet.example_droplet",
            "digitalocean_volume.example_volume",
            "digitalocean_vpc.example_vpc"
          ]
        }
      ]
    },
    {
      "mode": "managed",
      "type": "digitalocean_vpc",
      "name": "example_vpc",
      "provider": "provider[\"registry.opentofu.org/digitalocean/digitalocean\"]",
      "instances": [
        {
          "schema_version": 0,
          "attributes": {
            "created_at": "2024-07-16 11:06:17 +0000 UTC",
            "default": false,
            "description": "",
            "id": "a2efcafc-c36e-4dc6-b0a0-05168c64e035",
            "ip_range": "10.10.10.0/24",
            "name": "pilot-test-tofu-vpc-1",
            "region": "blr1",
            "timeouts": null,
            "urn": "do:vpc:a2efcafc-c36e-4dc6-b0a0-05168c64e035"
          },
          "sensitive_attributes": [],
          "private": "eyJlMmJmYjczMC1lY2FhLTExZTYtOGY4OC0zNDM2M2JjN2M0YzAiOnsiZGVsZXRlIjoxMjAwMDAwMDAwMDB9fQ=="
        }
      ]
    }
  ],
  "check_results": null
}
